// !$*UTF8*$!
{
	archiveVersion = 1;
	classes = {
	};
	objectVersion = 46;
	objects = {

/* Begin PBXBuildFile section */
		BFF02ABD1B95D1C100E6CAAE /* AppDelegate.swift in Sources */ = {isa = PBXBuildFile; fileRef = BFF02ABC1B95D1C100E6CAAE /* AppDelegate.swift */; };
		BFF02AC01B95D1C100E6CAAE /* on_the_map.xcdatamodeld in Sources */ = {isa = PBXBuildFile; fileRef = BFF02ABE1B95D1C100E6CAAE /* on_the_map.xcdatamodeld */; };
		BFF02AC21B95D1C100E6CAAE /* ViewController.swift in Sources */ = {isa = PBXBuildFile; fileRef = BFF02AC11B95D1C100E6CAAE /* ViewController.swift */; };
		BFF02AC51B95D1C100E6CAAE /* Main.storyboard in Resources */ = {isa = PBXBuildFile; fileRef = BFF02AC31B95D1C100E6CAAE /* Main.storyboard */; };
		BFF02AC71B95D1C100E6CAAE /* Images.xcassets in Resources */ = {isa = PBXBuildFile; fileRef = BFF02AC61B95D1C100E6CAAE /* Images.xcassets */; };
		BFF02ACA1B95D1C100E6CAAE /* LaunchScreen.xib in Resources */ = {isa = PBXBuildFile; fileRef = BFF02AC81B95D1C100E6CAAE /* LaunchScreen.xib */; };
		BFF02AD61B95D1C100E6CAAE /* on_the_mapTests.swift in Sources */ = {isa = PBXBuildFile; fileRef = BFF02AD51B95D1C100E6CAAE /* on_the_mapTests.swift */; };
		BFF02AE01B95E1AB00E6CAAE /* LoginButton.swift in Sources */ = {isa = PBXBuildFile; fileRef = BFF02ADF1B95E1AB00E6CAAE /* LoginButton.swift */; };
		BFF02AE21B96088000E6CAAE /* LoginViewController.swift in Sources */ = {isa = PBXBuildFile; fileRef = BFF02AE11B96088000E6CAAE /* LoginViewController.swift */; };
		BFF02AE41B9609A000E6CAAE /* Config.swift in Sources */ = {isa = PBXBuildFile; fileRef = BFF02AE31B9609A000E6CAAE /* Config.swift */; };
/* End PBXBuildFile section */

/* Begin PBXContainerItemProxy section */
		BFF02AD01B95D1C100E6CAAE /* PBXContainerItemProxy */ = {
			isa = PBXContainerItemProxy;
			containerPortal = BFF02AAF1B95D1C100E6CAAE /* Project object */;
			proxyType = 1;
			remoteGlobalIDString = BFF02AB61B95D1C100E6CAAE;
			remoteInfo = "on the map";
		};
/* End PBXContainerItemProxy section */

/* Begin PBXFileReference section */
		BFF02AB71B95D1C100E6CAAE /* on the map.app */ = {isa = PBXFileReference; explicitFileType = wrapper.application; includeInIndex = 0; path = "on the map.app"; sourceTree = BUILT_PRODUCTS_DIR; };
		BFF02ABB1B95D1C100E6CAAE /* Info.plist */ = {isa = PBXFileReference; lastKnownFileType = text.plist.xml; path = Info.plist; sourceTree = "<group>"; };
		BFF02ABC1B95D1C100E6CAAE /* AppDelegate.swift */ = {isa = PBXFileReference; lastKnownFileType = sourcecode.swift; path = AppDelegate.swift; sourceTree = "<group>"; };
		BFF02ABF1B95D1C100E6CAAE /* on_the_map.xcdatamodel */ = {isa = PBXFileReference; lastKnownFileType = wrapper.xcdatamodel; path = on_the_map.xcdatamodel; sourceTree = "<group>"; };
		BFF02AC11B95D1C100E6CAAE /* ViewController.swift */ = {isa = PBXFileReference; lastKnownFileType = sourcecode.swift; path = ViewController.swift; sourceTree = "<group>"; };
		BFF02AC41B95D1C100E6CAAE /* Base */ = {isa = PBXFileReference; lastKnownFileType = file.storyboard; name = Base; path = Base.lproj/Main.storyboard; sourceTree = "<group>"; };
		BFF02AC61B95D1C100E6CAAE /* Images.xcassets */ = {isa = PBXFileReference; lastKnownFileType = folder.assetcatalog; path = Images.xcassets; sourceTree = "<group>"; };
		BFF02AC91B95D1C100E6CAAE /* Base */ = {isa = PBXFileReference; lastKnownFileType = file.xib; name = Base; path = Base.lproj/LaunchScreen.xib; sourceTree = "<group>"; };
		BFF02ACF1B95D1C100E6CAAE /* on the mapTests.xctest */ = {isa = PBXFileReference; explicitFileType = wrapper.cfbundle; includeInIndex = 0; path = "on the mapTests.xctest"; sourceTree = BUILT_PRODUCTS_DIR; };
		BFF02AD41B95D1C100E6CAAE /* Info.plist */ = {isa = PBXFileReference; lastKnownFileType = text.plist.xml; path = Info.plist; sourceTree = "<group>"; };
		BFF02AD51B95D1C100E6CAAE /* on_the_mapTests.swift */ = {isa = PBXFileReference; lastKnownFileType = sourcecode.swift; path = on_the_mapTests.swift; sourceTree = "<group>"; };
		BFF02ADF1B95E1AB00E6CAAE /* LoginButton.swift */ = {isa = PBXFileReference; fileEncoding = 4; lastKnownFileType = sourcecode.swift; path = LoginButton.swift; sourceTree = "<group>"; };
		BFF02AE11B96088000E6CAAE /* LoginViewController.swift */ = {isa = PBXFileReference; fileEncoding = 4; lastKnownFileType = sourcecode.swift; path = LoginViewController.swift; sourceTree = "<group>"; };
		BFF02AE31B9609A000E6CAAE /* Config.swift */ = {isa = PBXFileReference; fileEncoding = 4; lastKnownFileType = sourcecode.swift; path = Config.swift; sourceTree = "<group>"; };
/* End PBXFileReference section */

/* Begin PBXFrameworksBuildPhase section */
		BFF02AB41B95D1C100E6CAAE /* Frameworks */ = {
			isa = PBXFrameworksBuildPhase;
			buildActionMask = 2147483647;
			files = (
			);
			runOnlyForDeploymentPostprocessing = 0;
		};
		BFF02ACC1B95D1C100E6CAAE /* Frameworks */ = {
			isa = PBXFrameworksBuildPhase;
			buildActionMask = 2147483647;
			files = (
			);
			runOnlyForDeploymentPostprocessing = 0;
		};
/* End PBXFrameworksBuildPhase section */

/* Begin PBXGroup section */
		BFF02AAE1B95D1C100E6CAAE = {
			isa = PBXGroup;
			children = (
				BFF02AB91B95D1C100E6CAAE /* on the map */,
				BFF02AD21B95D1C100E6CAAE /* on the mapTests */,
				BFF02AB81B95D1C100E6CAAE /* Products */,
			);
			sourceTree = "<group>";
		};
		BFF02AB81B95D1C100E6CAAE /* Products */ = {
			isa = PBXGroup;
			children = (
				BFF02AB71B95D1C100E6CAAE /* on the map.app */,
				BFF02ACF1B95D1C100E6CAAE /* on the mapTests.xctest */,
			);
			name = Products;
			sourceTree = "<group>";
		};
		BFF02AB91B95D1C100E6CAAE /* on the map */ = {
			isa = PBXGroup;
			children = (
				BFF02ABC1B95D1C100E6CAAE /* AppDelegate.swift */,
				BFF02AE31B9609A000E6CAAE /* Config.swift */,
				BFF02AC11B95D1C100E6CAAE /* ViewController.swift */,
				BFF02AE11B96088000E6CAAE /* LoginViewController.swift */,
				BFF02AC31B95D1C100E6CAAE /* Main.storyboard */,
				BFF02ADF1B95E1AB00E6CAAE /* LoginButton.swift */,
				BFF02AC61B95D1C100E6CAAE /* Images.xcassets */,
				BFF02AC81B95D1C100E6CAAE /* LaunchScreen.xib */,
				BFF02ABE1B95D1C100E6CAAE /* on_the_map.xcdatamodeld */,
				BFF02ABA1B95D1C100E6CAAE /* Supporting Files */,
			);
			path = "on the map";
			sourceTree = "<group>";
		};
		BFF02ABA1B95D1C100E6CAAE /* Supporting Files */ = {
			isa = PBXGroup;
			children = (
				BFF02ABB1B95D1C100E6CAAE /* Info.plist */,
			);
			name = "Supporting Files";
			sourceTree = "<group>";
		};
		BFF02AD21B95D1C100E6CAAE /* on the mapTests */ = {
			isa = PBXGroup;
			children = (
				BFF02AD51B95D1C100E6CAAE /* on_the_mapTests.swift */,
				BFF02AD31B95D1C100E6CAAE /* Supporting Files */,
			);
			path = "on the mapTests";
			sourceTree = "<group>";
		};
		BFF02AD31B95D1C100E6CAAE /* Supporting Files */ = {
			isa = PBXGroup;
			children = (
				BFF02AD41B95D1C100E6CAAE /* Info.plist */,
			);
			name = "Supporting Files";
			sourceTree = "<group>";
		};
/* End PBXGroup section */

/* Begin PBXNativeTarget section */
		BFF02AB61B95D1C100E6CAAE /* on the map */ = {
			isa = PBXNativeTarget;
			buildConfigurationList = BFF02AD91B95D1C100E6CAAE /* Build configuration list for PBXNativeTarget "on the map" */;
			buildPhases = (
				BFF02AB31B95D1C100E6CAAE /* Sources */,
				BFF02AB41B95D1C100E6CAAE /* Frameworks */,
				BFF02AB51B95D1C100E6CAAE /* Resources */,
			);
			buildRules = (
			);
			dependencies = (
			);
			name = "on the map";
			productName = "on the map";
			productReference = BFF02AB71B95D1C100E6CAAE /* on the map.app */;
			productType = "com.apple.product-type.application";
		};
		BFF02ACE1B95D1C100E6CAAE /* on the mapTests */ = {
			isa = PBXNativeTarget;
			buildConfigurationList = BFF02ADC1B95D1C100E6CAAE /* Build configuration list for PBXNativeTarget "on the mapTests" */;
			buildPhases = (
				BFF02ACB1B95D1C100E6CAAE /* Sources */,
				BFF02ACC1B95D1C100E6CAAE /* Frameworks */,
				BFF02ACD1B95D1C100E6CAAE /* Resources */,
			);
			buildRules = (
			);
			dependencies = (
				BFF02AD11B95D1C100E6CAAE /* PBXTargetDependency */,
			);
			name = "on the mapTests";
			productName = "on the mapTests";
			productReference = BFF02ACF1B95D1C100E6CAAE /* on the mapTests.xctest */;
			productType = "com.apple.product-type.bundle.unit-test";
		};
/* End PBXNativeTarget section */

/* Begin PBXProject section */
		BFF02AAF1B95D1C100E6CAAE /* Project object */ = {
			isa = PBXProject;
			attributes = {
				LastUpgradeCheck = 0640;
				ORGANIZATIONNAME = "Jing Jia";
				TargetAttributes = {
					BFF02AB61B95D1C100E6CAAE = {
						CreatedOnToolsVersion = 6.4;
					};
					BFF02ACE1B95D1C100E6CAAE = {
						CreatedOnToolsVersion = 6.4;
						TestTargetID = BFF02AB61B95D1C100E6CAAE;
					};
				};
			};
			buildConfigurationList = BFF02AB21B95D1C100E6CAAE /* Build configuration list for PBXProject "on the map" */;
			compatibilityVersion = "Xcode 3.2";
			developmentRegion = English;
			hasScannedForEncodings = 0;
			knownRegions = (
				en,
				Base,
			);
			mainGroup = BFF02AAE1B95D1C100E6CAAE;
			productRefGroup = BFF02AB81B95D1C100E6CAAE /* Products */;
			projectDirPath = "";
			projectRoot = "";
			targets = (
				BFF02AB61B95D1C100E6CAAE /* on the map */,
				BFF02ACE1B95D1C100E6CAAE /* on the mapTests */,
			);
		};
/* End PBXProject section */

/* Begin PBXResourcesBuildPhase section */
		BFF02AB51B95D1C100E6CAAE /* Resources */ = {
			isa = PBXResourcesBuildPhase;
			buildActionMask = 2147483647;
			files = (
				BFF02AC51B95D1C100E6CAAE /* Main.storyboard in Resources */,
				BFF02ACA1B95D1C100E6CAAE /* LaunchScreen.xib in Resources */,
				BFF02AC71B95D1C100E6CAAE /* Images.xcassets in Resources */,
			);
			runOnlyForDeploymentPostprocessing = 0;
		};
		BFF02ACD1B95D1C100E6CAAE /* Resources */ = {
			isa = PBXResourcesBuildPhase;
			buildActionMask = 2147483647;
			files = (
			);
			runOnlyForDeploymentPostprocessing = 0;
		};
/* End PBXResourcesBuildPhase section */

/* Begin PBXSourcesBuildPhase section */
		BFF02AB31B95D1C100E6CAAE /* Sources */ = {
			isa = PBXSourcesBuildPhase;
			buildActionMask = 2147483647;
			files = (
				BFF02AC21B95D1C100E6CAAE /* ViewController.swift in Sources */,
				BFF02AE01B95E1AB00E6CAAE /* LoginButton.swift in Sources */,
				BFF02ABD1B95D1C100E6CAAE /* AppDelegate.swift in Sources */,
				BFF02AE21B96088000E6CAAE /* LoginViewController.swift in Sources */,
				BFF02AC01B95D1C100E6CAAE /* on_the_map.xcdatamodeld in Sources */,
				BFF02AE41B9609A000E6CAAE /* Config.swift in Sources */,
			);
			runOnlyForDeploymentPostprocessing = 0;
		};
		BFF02ACB1B95D1C100E6CAAE /* Sources */ = {
			isa = PBXSourcesBuildPhase;
			buildActionMask = 2147483647;
			files = (
				BFF02AD61B95D1C100E6CAAE /* on_the_mapTests.swift in Sources */,
			);
			runOnlyForDeploymentPostprocessing = 0;
		};
/* End PBXSourcesBuildPhase section */

/* Begin PBXTargetDependency section */
		BFF02AD11B95D1C100E6CAAE /* PBXTargetDependency */ = {
			isa = PBXTargetDependency;
			target = BFF02AB61B95D1C100E6CAAE /* on the map */;
			targetProxy = BFF02AD01B95D1C100E6CAAE /* PBXContainerItemProxy */;
		};
/* End PBXTargetDependency section */

/* Begin PBXVariantGroup section */
		BFF02AC31B95D1C100E6CAAE /* Main.storyboard */ = {
			isa = PBXVariantGroup;
			children = (
				BFF02AC41B95D1C100E6CAAE /* Base */,
			);
			name = Main.storyboard;
			sourceTree = "<group>";
		};
		BFF02AC81B95D1C100E6CAAE /* LaunchScreen.xib */ = {
			isa = PBXVariantGroup;
			children = (
				BFF02AC91B95D1C100E6CAAE /* Base */,
			);
			name = LaunchScreen.xib;
			sourceTree = "<group>";
		};
/* End PBXVariantGroup section */

/* Begin XCBuildConfiguration section */
		BFF02AD71B95D1C100E6CAAE /* Debug */ = {
			isa = XCBuildConfiguration;
			buildSettings = {
				ALWAYS_SEARCH_USER_PATHS = NO;
				CLANG_CXX_LANGUAGE_STANDARD = "gnu++0x";
				CLANG_CXX_LIBRARY = "libc++";
				CLANG_ENABLE_MODULES = YES;
				CLANG_ENABLE_OBJC_ARC = YES;
				CLANG_WARN_BOOL_CONVERSION = YES;
				CLANG_WARN_CONSTANT_CONVERSION = YES;
				CLANG_WARN_DIRECT_OBJC_ISA_USAGE = YES_ERROR;
				CLANG_WARN_EMPTY_BODY = YES;
				CLANG_WARN_ENUM_CONVERSION = YES;
				CLANG_WARN_INT_CONVERSION = YES;
				CLANG_WARN_OBJC_ROOT_CLASS = YES_ERROR;
				CLANG_WARN_UNREACHABLE_CODE = YES;
				CLANG_WARN__DUPLICATE_METHOD_MATCH = YES;
				"CODE_SIGN_IDENTITY[sdk=iphoneos*]" = "iPhone Developer";
				COPY_PHASE_STRIP = NO;
				DEBUG_INFORMATION_FORMAT = "dwarf-with-dsym";
				ENABLE_STRICT_OBJC_MSGSEND = YES;
				GCC_C_LANGUAGE_STANDARD = gnu99;
				GCC_DYNAMIC_NO_PIC = NO;
				GCC_NO_COMMON_BLOCKS = YES;
				GCC_OPTIMIZATION_LEVEL = 0;
				GCC_PREPROCESSOR_DEFINITIONS = (
					"DEBUG=1",
					"$(inherited)",
				);
				GCC_SYMBOLS_PRIVATE_EXTERN = NO;
				GCC_WARN_64_TO_32_BIT_CONVERSION = YES;
				GCC_WARN_ABOUT_RETURN_TYPE = YES_ERROR;
				GCC_WARN_UNDECLARED_SELECTOR = YES;
				GCC_WARN_UNINITIALIZED_AUTOS = YES_AGGRESSIVE;
				GCC_WARN_UNUSED_FUNCTION = YES;
				GCC_WARN_UNUSED_VARIABLE = YES;
				IPHONEOS_DEPLOYMENT_TARGET = 8.4;
				MTL_ENABLE_DEBUG_INFO = YES;
				ONLY_ACTIVE_ARCH = YES;
				SDKROOT = iphoneos;
				SWIFT_OPTIMIZATION_LEVEL = "-Onone";
			};
			name = Debug;
		};
		BFF02AD81B95D1C100E6CAAE /* Release */ = {
			isa = XCBuildConfiguration;
			buildSettings = {
				ALWAYS_SEARCH_USER_PATHS = NO;
				CLANG_CXX_LANGUAGE_STANDARD = "gnu++0x";
				CLANG_CXX_LIBRARY = "libc++";
				CLANG_ENABLE_MODULES = YES;
				CLANG_ENABLE_OBJC_ARC = YES;
				CLANG_WARN_BOOL_CONVERSION = YES;
				CLANG_WARN_CONSTANT_CONVERSION = YES;
				CLANG_WARN_DIRECT_OBJC_ISA_USAGE = YES_ERROR;
				CLANG_WARN_EMPTY_BODY = YES;
				CLANG_WARN_ENUM_CONVERSION = YES;
				CLANG_WARN_INT_CONVERSION = YES;
				CLANG_WARN_OBJC_ROOT_CLASS = YES_ERROR;
				CLANG_WARN_UNREACHABLE_CODE = YES;
				CLANG_WARN__DUPLICATE_METHOD_MATCH = YES;
				"CODE_SIGN_IDENTITY[sdk=iphoneos*]" = "iPhone Developer";
				COPY_PHASE_STRIP = NO;
				DEBUG_INFORMATION_FORMAT = "dwarf-with-dsym";
				ENABLE_NS_ASSERTIONS = NO;
				ENABLE_STRICT_OBJC_MSGSEND = YES;
				GCC_C_LANGUAGE_STANDARD = gnu99;
				GCC_NO_COMMON_BLOCKS = YES;
				GCC_WARN_64_TO_32_BIT_CONVERSION = YES;
				GCC_WARN_ABOUT_RETURN_TYPE = YES_ERROR;
				GCC_WARN_UNDECLARED_SELECTOR = YES;
				GCC_WARN_UNINITIALIZED_AUTOS = YES_AGGRESSIVE;
				GCC_WARN_UNUSED_FUNCTION = YES;
				GCC_WARN_UNUSED_VARIABLE = YES;
				IPHONEOS_DEPLOYMENT_TARGET = 8.4;
				MTL_ENABLE_DEBUG_INFO = NO;
				SDKROOT = iphoneos;
				VALIDATE_PRODUCT = YES;
			};
			name = Release;
		};
		BFF02ADA1B95D1C100E6CAAE /* Debug */ = {
			isa = XCBuildConfiguration;
			buildSettings = {
				ASSETCATALOG_COMPILER_APPICON_NAME = AppIcon;
				INFOPLIST_FILE = "on the map/Info.plist";
				LD_RUNPATH_SEARCH_PATHS = "$(inherited) @executable_path/Frameworks";
				PRODUCT_NAME = "$(TARGET_NAME)";
			};
			name = Debug;
		};
		BFF02ADB1B95D1C100E6CAAE /* Release */ = {
			isa = XCBuildConfiguration;
			buildSettings = {
				ASSETCATALOG_COMPILER_APPICON_NAME = AppIcon;
				INFOPLIST_FILE = "on the map/Info.plist";
				LD_RUNPATH_SEARCH_PATHS = "$(inherited) @executable_path/Frameworks";
				PRODUCT_NAME = "$(TARGET_NAME)";
			};
			name = Release;
		};
		BFF02ADD1B95D1C100E6CAAE /* Debug */ = {
			isa = XCBuildConfiguration;
			buildSettings = {
				BUNDLE_LOADER = "$(TEST_HOST)";
				FRAMEWORK_SEARCH_PATHS = (
					"$(SDKROOT)/Developer/Library/Frameworks",
					"$(inherited)",
				);
				GCC_PREPROCESSOR_DEFINITIONS = (
					"DEBUG=1",
					"$(inherited)",
				);
				INFOPLIST_FILE = "on the mapTests/Info.plist";
				LD_RUNPATH_SEARCH_PATHS = "$(inherited) @executable_path/Frameworks @loader_path/Frameworks";
				PRODUCT_NAME = "$(TARGET_NAME)";
				TEST_HOST = "$(BUILT_PRODUCTS_DIR)/on the map.app/on the map";
			};
			name = Debug;
		};
		BFF02ADE1B95D1C100E6CAAE /* Release */ = {
			isa = XCBuildConfiguration;
			buildSettings = {
				BUNDLE_LOADER = "$(TEST_HOST)";
				FRAMEWORK_SEARCH_PATHS = (
					"$(SDKROOT)/Developer/Library/Frameworks",
					"$(inherited)",
				);
				INFOPLIST_FILE = "on the mapTests/Info.plist";
				LD_RUNPATH_SEARCH_PATHS = "$(inherited) @executable_path/Frameworks @loader_path/Frameworks";
				PRODUCT_NAME = "$(TARGET_NAME)";
				TEST_HOST = "$(BUILT_PRODUCTS_DIR)/on the map.app/on the map";
			};
			name = Release;
		};
/* End XCBuildConfiguration section */

/* Begin XCConfigurationList section */
		BFF02AB21B95D1C100E6CAAE /* Build configuration list for PBXProject "on the map" */ = {
			isa = XCConfigurationList;
			buildConfigurations = (
				BFF02AD71B95D1C100E6CAAE /* Debug */,
				BFF02AD81B95D1C100E6CAAE /* Release */,
			);
			defaultConfigurationIsVisible = 0;
			defaultConfigurationName = Release;
		};
		BFF02AD91B95D1C100E6CAAE /* Build configuration list for PBXNativeTarget "on the map" */ = {
			isa = XCConfigurationList;
			buildConfigurations = (
				BFF02ADA1B95D1C100E6CAAE /* Debug */,
				BFF02ADB1B95D1C100E6CAAE /* Release */,
			);
			defaultConfigurationIsVisible = 0;
		};
		BFF02ADC1B95D1C100E6CAAE /* Build configuration list for PBXNativeTarget "on the mapTests" */ = {
			isa = XCConfigurationList;
			buildConfigurations = (
				BFF02ADD1B95D1C100E6CAAE /* Debug */,
				BFF02ADE1B95D1C100E6CAAE /* Release */,
			);
			defaultConfigurationIsVisible = 0;
		};
/* End XCConfigurationList section */

/* Begin XCVersionGroup section */
		BFF02ABE1B95D1C100E6CAAE /* on_the_map.xcdatamodeld */ = {
			isa = XCVersionGroup;
			children = (
				BFF02ABF1B95D1C100E6CAAE /* on_the_map.xcdatamodel */,
			);
			currentVersion = BFF02ABF1B95D1C100E6CAAE /* on_the_map.xcdatamodel */;
			path = on_the_map.xcdatamodeld;
			sourceTree = "<group>";
			versionGroupType = wrapper.xcdatamodel;
		};
/* End XCVersionGroup section */
	};
	rootObject = BFF02AAF1B95D1C100E6CAAE /* Project object */;
}
